
Microsoft Visual Studio Solution File, Format Version 12.00
# Visual Studio Version 16
VisualStudioVersion = 16.0.31205.134
MinimumVisualStudioVersion = 10.0.40219.1
Project("{FAE04EC0-301F-11D3-BF4B-00C04F79EFBC}") = "AspNetCoreEmpty-github-vs2019-002", "AspNetCoreEmpty-github-vs2019-002\AspNetCoreEmpty-github-vs2019-002.csproj", "{932BD626-99B1-4FE7-8A2B-D36866C04343}"
EndProject
Global
	GlobalSection(SolutionConfigurationPlatforms) = preSolution
		Debug|Any CPU = Debug|Any CPU
		Release|Any CPU = Release|Any CPU
	EndGlobalSection
	GlobalSection(ProjectConfigurationPlatforms) = postSolution
		{932BD626-99B1-4FE7-8A2B-D36866C04343}.Debug|Any CPU.ActiveCfg = Debug|Any CPU
		{932BD626-99B1-4FE7-8A2B-D36866C04343}.Debug|Any CPU.Build.0 = Debug|Any CPU
		{932BD626-99B1-4FE7-8A2B-D36866C04343}.Release|Any CPU.ActiveCfg = Release|Any CPU
		{932BD626-99B1-4FE7-8A2B-D36866C04343}.Release|Any CPU.Build.0 = Release|Any CPU
	EndGlobalSection
	GlobalSection(SolutionProperties) = preSolution
		HideSolutionNode = FALSE
	EndGlobalSection
	GlobalSection(ExtensibilityGlobals) = postSolution
		SolutionGuid = {786488B5-1614-4957-819C-AA9D550D3405}
	EndGlobalSection
EndGlobal
